// !$*UTF8*$!
{
	archiveVersion = 1;
	classes = {
	};
	objectVersion = 46;
	objects = {

/* Begin PBXBuildFile section */
		484845B71C234FD700E60EA4 /* libz.1.2.8.dylib in Frameworks */ = {isa = PBXBuildFile; fileRef = 484845B61C234FD700E60EA4 /* libz.1.2.8.dylib */; };
		487FBB4D1BF230610041D05A /* libpqxx-4.0.dylib in Frameworks */ = {isa = PBXBuildFile; fileRef = 487FBB4C1BF230610041D05A /* libpqxx-4.0.dylib */; };
		48C9942C1C313A4D0094B79D /* WebsocketServer.cpp in Sources */ = {isa = PBXBuildFile; fileRef = 48C9942A1C313A4D0094B79D /* WebsocketServer.cpp */; };
		48C9942F1C313F520094B79D /* Database.cpp in Sources */ = {isa = PBXBuildFile; fileRef = 48C9942D1C313F520094B79D /* Database.cpp */; };
		48F6557B1BD77CA400A0B981 /* main.cpp in Sources */ = {isa = PBXBuildFile; fileRef = 48F6557A1BD77CA400A0B981 /* main.cpp */; };
		48F655821BD7850100A0B981 /* libboost_system-mt.dylib in Frameworks */ = {isa = PBXBuildFile; fileRef = 48F655811BD7850100A0B981 /* libboost_system-mt.dylib */; };
/* End PBXBuildFile section */

/* Begin PBXCopyFilesBuildPhase section */
		48F655751BD77CA400A0B981 /* CopyFiles */ = {
			isa = PBXCopyFilesBuildPhase;
			buildActionMask = 2147483647;
			dstPath = /usr/share/man/man1/;
			dstSubfolderSpec = 0;
			files = (
			);
			runOnlyForDeploymentPostprocessing = 1;
		};
/* End PBXCopyFilesBuildPhase section */

/* Begin PBXFileReference section */
		480C48821BDC3D1600A28A3E /* README */ = {isa = PBXFileReference; lastKnownFileType = text; path = README; sourceTree = "<group>"; };
		484845B61C234FD700E60EA4 /* libz.1.2.8.dylib */ = {isa = PBXFileReference; lastKnownFileType = "compiled.mach-o.dylib"; name = libz.1.2.8.dylib; path = ../../../../../opt/local/lib/libz.1.2.8.dylib; sourceTree = "<group>"; };
		487FBB4C1BF230610041D05A /* libpqxx-4.0.dylib */ = {isa = PBXFileReference; lastKnownFileType = "compiled.mach-o.dylib"; name = "libpqxx-4.0.dylib"; path = "../../../../../opt/local/lib/libpqxx-4.0.dylib"; sourceTree = "<group>"; };
		48C9942A1C313A4D0094B79D /* WebsocketServer.cpp */ = {isa = PBXFileReference; fileEncoding = 4; lastKnownFileType = sourcecode.cpp.cpp; path = WebsocketServer.cpp; sourceTree = "<group>"; };
		48C9942B1C313A4D0094B79D /* WebsocketServer.hpp */ = {isa = PBXFileReference; fileEncoding = 4; lastKnownFileType = sourcecode.cpp.h; path = WebsocketServer.hpp; sourceTree = "<group>"; };
		48C9942D1C313F520094B79D /* Database.cpp */ = {isa = PBXFileReference; fileEncoding = 4; lastKnownFileType = sourcecode.cpp.cpp; path = Database.cpp; sourceTree = "<group>"; };
		48C9942E1C313F520094B79D /* Database.hpp */ = {isa = PBXFileReference; fileEncoding = 4; lastKnownFileType = sourcecode.cpp.h; path = Database.hpp; sourceTree = "<group>"; };
		48F655771BD77CA400A0B981 /* websocket03 */ = {isa = PBXFileReference; explicitFileType = "compiled.mach-o.executable"; includeInIndex = 0; path = websocket03; sourceTree = BUILT_PRODUCTS_DIR; };
		48F6557A1BD77CA400A0B981 /* main.cpp */ = {isa = PBXFileReference; lastKnownFileType = sourcecode.cpp.cpp; path = main.cpp; sourceTree = "<group>"; };
		48F655811BD7850100A0B981 /* libboost_system-mt.dylib */ = {isa = PBXFileReference; lastKnownFileType = "compiled.mach-o.dylib"; name = "libboost_system-mt.dylib"; path = "../../../../../opt/local/lib/libboost_system-mt.dylib"; sourceTree = "<group>"; };
/* End PBXFileReference section */

/* Begin PBXFrameworksBuildPhase section */
		48F655741BD77CA400A0B981 /* Frameworks */ = {
			isa = PBXFrameworksBuildPhase;
			buildActionMask = 2147483647;
			files = (
				484845B71C234FD700E60EA4 /* libz.1.2.8.dylib in Frameworks */,
				487FBB4D1BF230610041D05A /* libpqxx-4.0.dylib in Frameworks */,
				48F655821BD7850100A0B981 /* libboost_system-mt.dylib in Frameworks */,
			);
			runOnlyForDeploymentPostprocessing = 0;
		};
/* End PBXFrameworksBuildPhase section */

/* Begin PBXGroup section */
		48F6556E1BD77CA400A0B981 = {
			isa = PBXGroup;
			children = (
				484845B61C234FD700E60EA4 /* libz.1.2.8.dylib */,
				487FBB4C1BF230610041D05A /* libpqxx-4.0.dylib */,
				480C48821BDC3D1600A28A3E /* README */,
				48F655811BD7850100A0B981 /* libboost_system-mt.dylib */,
				48F655791BD77CA400A0B981 /* websocket03 */,
				48F655781BD77CA400A0B981 /* Products */,
			);
			sourceTree = "<group>";
		};
		48F655781BD77CA400A0B981 /* Products */ = {
			isa = PBXGroup;
			children = (
				48F655771BD77CA400A0B981 /* websocket03 */,
			);
			name = Products;
			sourceTree = "<group>";
		};
		48F655791BD77CA400A0B981 /* websocket03 */ = {
			isa = PBXGroup;
			children = (
				48F6557A1BD77CA400A0B981 /* main.cpp */,
				48C9942D1C313F520094B79D /* Database.cpp */,
				48C9942E1C313F520094B79D /* Database.hpp */,
				48C9942A1C313A4D0094B79D /* WebsocketServer.cpp */,
				48C9942B1C313A4D0094B79D /* WebsocketServer.hpp */,
			);
			path = websocket03;
			sourceTree = "<group>";
		};
/* End PBXGroup section */

/* Begin PBXNativeTarget section */
		48F655761BD77CA400A0B981 /* websocket03 */ = {
			isa = PBXNativeTarget;
			buildConfigurationList = 48F6557E1BD77CA400A0B981 /* Build configuration list for PBXNativeTarget "websocket03" */;
			buildPhases = (
				48F655731BD77CA400A0B981 /* Sources */,
				48F655741BD77CA400A0B981 /* Frameworks */,
				48F655751BD77CA400A0B981 /* CopyFiles */,
			);
			buildRules = (
			);
			dependencies = (
			);
			name = websocket03;
			productName = websocket03;
			productReference = 48F655771BD77CA400A0B981 /* websocket03 */;
			productType = "com.apple.product-type.tool";
		};
/* End PBXNativeTarget section */

/* Begin PBXProject section */
		48F6556F1BD77CA400A0B981 /* Project object */ = {
			isa = PBXProject;
			attributes = {
				LastUpgradeCheck = 0700;
				ORGANIZATIONNAME = "Claus Guttesen";
				TargetAttributes = {
					48F655761BD77CA400A0B981 = {
						CreatedOnToolsVersion = 7.0.1;
					};
				};
			};
			buildConfigurationList = 48F655721BD77CA400A0B981 /* Build configuration list for PBXProject "websocket03" */;
			compatibilityVersion = "Xcode 3.2";
			developmentRegion = English;
			hasScannedForEncodings = 0;
			knownRegions = (
				en,
			);
			mainGroup = 48F6556E1BD77CA400A0B981;
			productRefGroup = 48F655781BD77CA400A0B981 /* Products */;
			projectDirPath = "";
			projectRoot = "";
			targets = (
				48F655761BD77CA400A0B981 /* websocket03 */,
			);
		};
/* End PBXProject section */

/* Begin PBXSourcesBuildPhase section */
		48F655731BD77CA400A0B981 /* Sources */ = {
			isa = PBXSourcesBuildPhase;
			buildActionMask = 2147483647;
			files = (
				48C9942C1C313A4D0094B79D /* WebsocketServer.cpp in Sources */,
				48C9942F1C313F520094B79D /* Database.cpp in Sources */,
				48F6557B1BD77CA400A0B981 /* main.cpp in Sources */,
			);
			runOnlyForDeploymentPostprocessing = 0;
		};
/* End PBXSourcesBuildPhase section */

/* Begin XCBuildConfiguration section */
		48F6557C1BD77CA400A0B981 /* Debug */ = {
			isa = XCBuildConfiguration;
			buildSettings = {
				ALWAYS_SEARCH_USER_PATHS = NO;
				CLANG_CXX_LANGUAGE_STANDARD = "gnu++0x";
				CLANG_CXX_LIBRARY = "libc++";
				CLANG_ENABLE_MODULES = YES;
				CLANG_ENABLE_OBJC_ARC = YES;
				CLANG_WARN_BOOL_CONVERSION = YES;
				CLANG_WARN_CONSTANT_CONVERSION = YES;
				CLANG_WARN_DIRECT_OBJC_ISA_USAGE = YES_ERROR;
				CLANG_WARN_EMPTY_BODY = YES;
				CLANG_WARN_ENUM_CONVERSION = YES;
				CLANG_WARN_INT_CONVERSION = YES;
				CLANG_WARN_OBJC_ROOT_CLASS = YES_ERROR;
				CLANG_WARN_UNREACHABLE_CODE = YES;
				CLANG_WARN__DUPLICATE_METHOD_MATCH = YES;
				COPY_PHASE_STRIP = NO;
				DEBUG_INFORMATION_FORMAT = dwarf;
				ENABLE_STRICT_OBJC_MSGSEND = YES;
				ENABLE_TESTABILITY = YES;
				GCC_C_LANGUAGE_STANDARD = gnu99;
				GCC_DYNAMIC_NO_PIC = NO;
				GCC_NO_COMMON_BLOCKS = YES;
				GCC_OPTIMIZATION_LEVEL = 0;
				GCC_PREPROCESSOR_DEFINITIONS = (
					"DEBUG=1",
					"$(inherited)",
				);
				GCC_WARN_64_TO_32_BIT_CONVERSION = YES;
				GCC_WARN_ABOUT_RETURN_TYPE = YES_ERROR;
				GCC_WARN_UNDECLARED_SELECTOR = YES;
				GCC_WARN_UNINITIALIZED_AUTOS = YES_AGGRESSIVE;
				GCC_WARN_UNUSED_FUNCTION = YES;
				GCC_WARN_UNUSED_VARIABLE = YES;
				MACOSX_DEPLOYMENT_TARGET = 10.11;
				MTL_ENABLE_DEBUG_INFO = YES;
				ONLY_ACTIVE_ARCH = YES;
				SDKROOT = macosx;
			};
			name = Debug;
		};
		48F6557D1BD77CA400A0B981 /* Release */ = {
			isa = XCBuildConfiguration;
			buildSettings = {
				ALWAYS_SEARCH_USER_PATHS = NO;
				CLANG_CXX_LANGUAGE_STANDARD = "gnu++0x";
				CLANG_CXX_LIBRARY = "libc++";
				CLANG_ENABLE_MODULES = YES;
				CLANG_ENABLE_OBJC_ARC = YES;
				CLANG_WARN_BOOL_CONVERSION = YES;
				CLANG_WARN_CONSTANT_CONVERSION = YES;
				CLANG_WARN_DIRECT_OBJC_ISA_USAGE = YES_ERROR;
				CLANG_WARN_EMPTY_BODY = YES;
				CLANG_WARN_ENUM_CONVERSION = YES;
				CLANG_WARN_INT_CONVERSION = YES;
				CLANG_WARN_OBJC_ROOT_CLASS = YES_ERROR;
				CLANG_WARN_UNREACHABLE_CODE = YES;
				CLANG_WARN__DUPLICATE_METHOD_MATCH = YES;
				COPY_PHASE_STRIP = NO;
				DEBUG_INFORMATION_FORMAT = "dwarf-with-dsym";
				ENABLE_NS_ASSERTIONS = NO;
				ENABLE_STRICT_OBJC_MSGSEND = YES;
				GCC_C_LANGUAGE_STANDARD = gnu99;
				GCC_NO_COMMON_BLOCKS = YES;
				GCC_WARN_64_TO_32_BIT_CONVERSION = YES;
				GCC_WARN_ABOUT_RETURN_TYPE = YES_ERROR;
				GCC_WARN_UNDECLARED_SELECTOR = YES;
				GCC_WARN_UNINITIALIZED_AUTOS = YES_AGGRESSIVE;
				GCC_WARN_UNUSED_FUNCTION = YES;
				GCC_WARN_UNUSED_VARIABLE = YES;
				MACOSX_DEPLOYMENT_TARGET = 10.11;
				MTL_ENABLE_DEBUG_INFO = NO;
				SDKROOT = macosx;
			};
			name = Release;
		};
		48F6557F1BD77CA400A0B981 /* Debug */ = {
			isa = XCBuildConfiguration;
			buildSettings = {
				HEADER_SEARCH_PATHS = /opt/local/include;
				LIBRARY_SEARCH_PATHS = /opt/local/lib;
				PRODUCT_NAME = "$(TARGET_NAME)";
			};
			name = Debug;
		};
		48F655801BD77CA400A0B981 /* Release */ = {
			isa = XCBuildConfiguration;
			buildSettings = {
				HEADER_SEARCH_PATHS = /opt/local/include;
				LIBRARY_SEARCH_PATHS = /opt/local/lib;
				PRODUCT_NAME = "$(TARGET_NAME)";
			};
			name = Release;
		};
/* End XCBuildConfiguration section */

/* Begin XCConfigurationList section */
		48F655721BD77CA400A0B981 /* Build configuration list for PBXProject "websocket03" */ = {
			isa = XCConfigurationList;
			buildConfigurations = (
				48F6557C1BD77CA400A0B981 /* Debug */,
				48F6557D1BD77CA400A0B981 /* Release */,
			);
			defaultConfigurationIsVisible = 0;
			defaultConfigurationName = Release;
		};
		48F6557E1BD77CA400A0B981 /* Build configuration list for PBXNativeTarget "websocket03" */ = {
			isa = XCConfigurationList;
			buildConfigurations = (
				48F6557F1BD77CA400A0B981 /* Debug */,
				48F655801BD77CA400A0B981 /* Release */,
			);
			defaultConfigurationIsVisible = 0;
			defaultConfigurationName = Release;
		};
/* End XCConfigurationList section */
	};
	rootObject = 48F6556F1BD77CA400A0B981 /* Project object */;
}
